
Microsoft Visual Studio Solution File, Format Version 12.00
# Visual Studio Version 16
VisualStudioVersion = 16.0.31005.135
MinimumVisualStudioVersion = 10.0.40219.1
Project("{9A19103F-16F7-4668-BE54-9A1E7A4F7556}") = "MoreItemInfo", "MoreItemInfo\MoreItemInfo.csproj", "{43D4D736-2ED2-4470-BE9A-19BD0F80BAC8}"
EndProject
Global
	GlobalSection(SolutionConfigurationPlatforms) = preSolution
		Debug|Any CPU = Debug|Any CPU
		Release|Any CPU = Release|Any CPU
	EndGlobalSection
	GlobalSection(ProjectConfigurationPlatforms) = postSolution
		{43D4D736-2ED2-4470-BE9A-19BD0F80BAC8}.Debug|Any CPU.ActiveCfg = Debug|Any CPU
		{43D4D736-2ED2-4470-BE9A-19BD0F80BAC8}.Debug|Any CPU.Build.0 = Debug|Any CPU
		{43D4D736-2ED2-4470-BE9A-19BD0F80BAC8}.Release|Any CPU.ActiveCfg = Release|Any CPU
		{43D4D736-2ED2-4470-BE9A-19BD0F80BAC8}.Release|Any CPU.Build.0 = Release|Any CPU
	EndGlobalSection
	GlobalSection(SolutionProperties) = preSolution
		HideSolutionNode = FALSE
	EndGlobalSection
	GlobalSection(ExtensibilityGlobals) = postSolution
		SolutionGuid = {E9CCB514-C460-462F-8C95-D63C7DE8FF86}
	EndGlobalSection
EndGlobal
